
Microsoft Visual Studio Solution File, Format Version 12.00
# Visual Studio 15
VisualStudioVersion = 15.0.28010.2046
MinimumVisualStudioVersion = 10.0.40219.1
Project("{FAE04EC0-301F-11D3-BF4B-00C04F79EFBC}") = "Acme Accounting Exercise", "Acme Accounting Exercise\Acme Accounting Exercise.csproj", "{CE6D1C78-A5FE-4285-B0F2-48A1AC54FF76}"
EndProject
Global
	GlobalSection(SolutionConfigurationPlatforms) = preSolution
		Debug|Any CPU = Debug|Any CPU
		Release|Any CPU = Release|Any CPU
	EndGlobalSection
	GlobalSection(ProjectConfigurationPlatforms) = postSolution
		{CE6D1C78-A5FE-4285-B0F2-48A1AC54FF76}.Debug|Any CPU.ActiveCfg = Debug|Any CPU
		{CE6D1C78-A5FE-4285-B0F2-48A1AC54FF76}.Debug|Any CPU.Build.0 = Debug|Any CPU
		{CE6D1C78-A5FE-4285-B0F2-48A1AC54FF76}.Release|Any CPU.ActiveCfg = Release|Any CPU
		{CE6D1C78-A5FE-4285-B0F2-48A1AC54FF76}.Release|Any CPU.Build.0 = Release|Any CPU
	EndGlobalSection
	GlobalSection(SolutionProperties) = preSolution
		HideSolutionNode = FALSE
	EndGlobalSection
	GlobalSection(ExtensibilityGlobals) = postSolution
		SolutionGuid = {E7F70CC9-54B4-4E26-94DF-80DB8D0DCF82}
	EndGlobalSection
EndGlobal
